<?xml version="1.0" encoding="utf-8"?>
<Project ToolsVersion="4.0" xmlns="http://schemas.microsoft.com/developer/msbuild/2003">
  <ItemGroup>
    <Filter Include="Source Files">
      <UniqueIdentifier>{4FC737F1-C7A5-4376-A066-2A32D752A2FF}</UniqueIdentifier>
      <Extensions>cpp;c;cc;cxx;def;odl;idl;hpj;bat;asm;asmx</Extensions>
    </Filter>
    <Filter Include="Header Files">
      <UniqueIdentifier>{93995380-89BD-4b04-88EB-625FBE52EBFB}</UniqueIdentifier>
      <Extensions>h;hh;hpp;hxx;hm;inl;inc;ipp;xsd</Extensions>
    </Filter>
    <Filter Include="Resource Files">
      <UniqueIdentifier>{67DA6AB6-F800-4c08-8B7A-83BB121AAD01}</UniqueIdentifier>
      <Extensions>rc;ico;cur;bmp;dlg;rc2;rct;bin;rgs;gif;jpg;jpeg;jpe;resx;tiff;tif;png;wav;mfcribbon-ms</Extensions>
    </Filter>
    <Filter Include="Source Files\Shaders">
      <UniqueIdentifier>{450cdb79-f042-46e4-82a5-b864c8bbae9b}</UniqueIdentifier>
    </Filter>
  </ItemGroup>
  <ItemGroup>
    <ClCompile Include="TheNextFrontier.cpp">
      <Filter>Source Files</Filter>
    </ClCompile>
    <ClCompile Include="InputClass.cpp">
      <Filter>Source Files</Filter>
    </ClCompile>
    <ClCompile Include="SystemClass.cpp">
      <Filter>Source Files</Filter>
    </ClCompile>
    <ClCompile Include="D3DClass.cpp">
      <Filter>Source Files</Filter>
    </ClCompile>
    <ClCompile Include="CameraClass.cpp">
      <Filter>Source Files</Filter>
    </ClCompile>
    <ClCompile Include="PositionClass.cpp">
      <Filter>Source Files</Filter>
    </ClCompile>
    <ClCompile Include="TimerClass.cpp">
      <Filter>Source Files</Filter>
    </ClCompile>
    <ClCompile Include="TextureClass.cpp">
      <Filter>Source Files</Filter>
    </ClCompile>
    <ClCompile Include="MarsClass.cpp">
      <Filter>Source Files</Filter>
    </ClCompile>
    <ClCompile Include="FontClass.cpp">
      <Filter>Source Files</Filter>
    </ClCompile>
    <ClCompile Include="FPSClass.cpp">
      <Filter>Source Files</Filter>
    </ClCompile>
    <ClCompile Include="TextClass.cpp">
      <Filter>Source Files</Filter>
    </ClCompile>
    <ClCompile Include="FontShaderClass.cpp">
      <Filter>Source Files</Filter>
    </ClCompile>
    <ClCompile Include="ShaderManagerClass.cpp">
      <Filter>Source Files</Filter>
    </ClCompile>
    <ClCompile Include="UIClass.cpp">
      <Filter>Source Files</Filter>
    </ClCompile>
    <ClCompile Include="UniverseClass.cpp">
      <Filter>Source Files</Filter>
    </ClCompile>
    <ClCompile Include="ApplicationClass.cpp">
      <Filter>Source Files</Filter>
    </ClCompile>
    <ClCompile Include="FrustumClass.cpp">
      <Filter>Source Files</Filter>
    </ClCompile>
    <ClCompile Include="MarsShaderClass.cpp">
      <Filter>Source Files</Filter>
    </ClCompile>
    <ClCompile Include="MousePointerClass.cpp">
      <Filter>Source Files</Filter>
    </ClCompile>
    <ClCompile Include="MousePointerShaderClass.cpp">
      <Filter>Source Files</Filter>
    </ClCompile>
    <ClCompile Include="GameTimeClass.cpp">
      <Filter>Source Files</Filter>
    </ClCompile>
  </ItemGroup>
  <ItemGroup>
    <ClInclude Include="SystemClass.h">
      <Filter>Header Files</Filter>
    </ClInclude>
    <ClInclude Include="InputClass.h">
      <Filter>Header Files</Filter>
    </ClInclude>
    <ClInclude Include="D3DClass.h">
      <Filter>Header Files</Filter>
    </ClInclude>
    <ClInclude Include="CameraClass.h">
      <Filter>Header Files</Filter>
    </ClInclude>
    <ClInclude Include="PositionClass.h">
      <Filter>Header Files</Filter>
    </ClInclude>
    <ClInclude Include="TimerClass.h">
      <Filter>Header Files</Filter>
    </ClInclude>
    <ClInclude Include="TextureClass.h">
      <Filter>Header Files</Filter>
    </ClInclude>
    <ClInclude Include="MarsClass.h">
      <Filter>Header Files</Filter>
    </ClInclude>
    <ClInclude Include="FontClass.h">
      <Filter>Header Files</Filter>
    </ClInclude>
    <ClInclude Include="FPSClass.h">
      <Filter>Header Files</Filter>
    </ClInclude>
    <ClInclude Include="TextClass.h">
      <Filter>Header Files</Filter>
    </ClInclude>
    <ClInclude Include="FontShaderClass.h">
      <Filter>Header Files</Filter>
    </ClInclude>
    <ClInclude Include="ShaderManagerClass.h">
      <Filter>Header Files</Filter>
    </ClInclude>
    <ClInclude Include="UIClass.h">
      <Filter>Header Files</Filter>
    </ClInclude>
    <ClInclude Include="UniverseClass.h">
      <Filter>Header Files</Filter>
    </ClInclude>
    <ClInclude Include="ApplicationClass.h">
      <Filter>Header Files</Filter>
    </ClInclude>
    <ClInclude Include="FrustumClass.h">
      <Filter>Header Files</Filter>
    </ClInclude>
    <ClInclude Include="MarsShaderClass.h">
      <Filter>Header Files</Filter>
    </ClInclude>
    <ClInclude Include="MousePointerClass.h">
      <Filter>Header Files</Filter>
    </ClInclude>
    <ClInclude Include="MousePointerShaderClass.h">
      <Filter>Header Files</Filter>
    </ClInclude>
    <ClInclude Include="GameTimeClass.h">
      <Filter>Header Files</Filter>
    </ClInclude>
  </ItemGroup>
  <ItemGroup>
    <None Include="Font.ps">
      <Filter>Source Files\Shaders</Filter>
    </None>
    <None Include="Font.vs">
      <Filter>Source Files\Shaders</Filter>
    </None>
    <None Include="Mars.ps">
      <Filter>Source Files\Shaders</Filter>
    </None>
    <None Include="Mars.vs">
      <Filter>Source Files\Shaders</Filter>
    </None>
    <None Include="packages.config" />
    <None Include="MousePointer.ps">
      <Filter>Source Files\Shaders</Filter>
    </None>
    <None Include="MousePointer.vs">
      <Filter>Source Files\Shaders</Filter>
    </None>
  </ItemGroup>
  <ItemGroup>
    <Image Include="font01.tga">
      <Filter>Resource Files</Filter>
    </Image>
    <Image Include="MarsHeightMap8K.tif">
      <Filter>Resource Files</Filter>
    </Image>
    <Image Include="MarsHeightMap46K.tif">
      <Filter>Resource Files</Filter>
    </Image>
    <Image Include="MousePointer.tif">
      <Filter>Resource Files</Filter>
    </Image>
    <Image Include="MarsNormalMap8K.tif">
      <Filter>Resource Files</Filter>
    </Image>
  </ItemGroup>
  <ItemGroup>
    <Text Include="font01.txt">
      <Filter>Resource Files</Filter>
    </Text>
  </ItemGroup>
</Project>